
Microsoft Visual Studio Solution File, Format Version 12.00
# Visual Studio Version 17
VisualStudioVersion = 17.7.34009.444
MinimumVisualStudioVersion = 10.0.40219.1
Project("{FAE04EC0-301F-11D3-BF4B-00C04F79EFBC}") = "CutCopy", "CutCopy\CutCopy.csproj", "{FF1076CF-4388-469C-AFCE-410A7BED0EAA}"
EndProject
Global
	GlobalSection(SolutionConfigurationPlatforms) = preSolution
		Debug|Any CPU = Debug|Any CPU
		Release|Any CPU = Release|Any CPU
	EndGlobalSection
	GlobalSection(ProjectConfigurationPlatforms) = postSolution
		{FF1076CF-4388-469C-AFCE-410A7BED0EAA}.Debug|Any CPU.ActiveCfg = Debug|Any CPU
		{FF1076CF-4388-469C-AFCE-410A7BED0EAA}.Debug|Any CPU.Build.0 = Debug|Any CPU
		{FF1076CF-4388-469C-AFCE-410A7BED0EAA}.Release|Any CPU.ActiveCfg = Release|Any CPU
		{FF1076CF-4388-469C-AFCE-410A7BED0EAA}.Release|Any CPU.Build.0 = Release|Any CPU
	EndGlobalSection
	GlobalSection(SolutionProperties) = preSolution
		HideSolutionNode = FALSE
	EndGlobalSection
	GlobalSection(ExtensibilityGlobals) = postSolution
		SolutionGuid = {D74D0F5A-97A2-47D0-99FB-859A7D4D3ECA}
	EndGlobalSection
EndGlobal
